
Microsoft Visual Studio Solution File, Format Version 12.00
# Visual Studio Version 17
VisualStudioVersion = 17.1.32414.318
MinimumVisualStudioVersion = 10.0.40219.1
Project("{9A19103F-16F7-4668-BE54-9A1E7A4F7556}") = "Beamlak.Blazor.Utilities", "Beamlak.Blazor.Utilities\Beamlak.Blazor.Utilities.csproj", "{201CE34C-AFAE-4F02-BAE7-112D60417260}"
EndProject
Global
	GlobalSection(SolutionConfigurationPlatforms) = preSolution
		Debug|Any CPU = Debug|Any CPU
		Release|Any CPU = Release|Any CPU
	EndGlobalSection
	GlobalSection(ProjectConfigurationPlatforms) = postSolution
		{201CE34C-AFAE-4F02-BAE7-112D60417260}.Debug|Any CPU.ActiveCfg = Debug|Any CPU
		{201CE34C-AFAE-4F02-BAE7-112D60417260}.Debug|Any CPU.Build.0 = Debug|Any CPU
		{201CE34C-AFAE-4F02-BAE7-112D60417260}.Release|Any CPU.ActiveCfg = Release|Any CPU
		{201CE34C-AFAE-4F02-BAE7-112D60417260}.Release|Any CPU.Build.0 = Release|Any CPU
	EndGlobalSection
	GlobalSection(SolutionProperties) = preSolution
		HideSolutionNode = FALSE
	EndGlobalSection
	GlobalSection(ExtensibilityGlobals) = postSolution
		SolutionGuid = {B31C8453-998D-4F95-8075-70753B102088}
	EndGlobalSection
EndGlobal
